{
  "name": "KMP01",
  "version": "unspecified",
  "lockfileVersion": 3,
  "requires": true,
  "packages": {
    "": {
      "name": "KMP01",
      "version": "unspecified",
      "workspaces": [
        "packages/KMP01-core",
        "packages/KMP01-core-test",
        "packages/KMP01-app-shared",
        "packages/KMP01-app-shared-test",
        "packages/KMP01-app-webApp",
        "packages/KMP01-app-webApp-test",
        "packages_imported/skiko-wasm-js/0.144.6",
        "packages_imported/skiko-js-wasm-runtime/0.144.6",
        "packages_imported/Kotlin-DateTime-library-kotlinx-datetime-wasm-js/0.7.1"
      ],
      "devDependencies": {}
    },
    "node_modules/@js-joda/core": {
      "version": "3.2.0",
      "resolved": "https://registry.npmjs.org/@js-joda/core/-/core-3.2.0.tgz",
      "integrity": "sha512-PMqgJ0sw5B7FKb2d5bWYIoxjri+QlW/Pys7+Rw82jSH0QN3rB05jZ/VrrsUdh1w4+i2kw9JOejXGq/KhDOX7Kg==",
      "license": "BSD-3-Clause"
    },
    "node_modules/KMP01-app-shared": {
      "resolved": "packages/KMP01-app-shared",
      "link": true
    },
    "node_modules/KMP01-app-shared-test": {
      "resolved": "packages/KMP01-app-shared-test",
      "link": true
    },
    "node_modules/KMP01-app-webApp": {
      "resolved": "packages/KMP01-app-webApp",
      "link": true
    },
    "node_modules/KMP01-app-webApp-test": {
      "resolved": "packages/KMP01-app-webApp-test",
      "link": true
    },
    "node_modules/KMP01-core": {
      "resolved": "packages/KMP01-core",
      "link": true
    },
    "node_modules/KMP01-core-test": {
      "resolved": "packages/KMP01-core-test",
      "link": true
    },
    "node_modules/Kotlin-DateTime-library-kotlinx-datetime-wasm-js": {
      "resolved": "packages_imported/Kotlin-DateTime-library-kotlinx-datetime-wasm-js/0.7.1",
      "link": true
    },
    "node_modules/skiko-js-wasm-runtime": {
      "resolved": "packages_imported/skiko-js-wasm-runtime/0.144.6",
      "link": true
    },
    "node_modules/skiko-wasm-js": {
      "resolved": "packages_imported/skiko-wasm-js/0.144.6",
      "link": true
    },
    "packages_imported/Kotlin-DateTime-library-kotlinx-datetime-wasm-js/0.7.1": {
      "name": "Kotlin-DateTime-library-kotlinx-datetime-wasm-js",
      "version": "0.7.1",
      "dependencies": {
        "@js-joda/core": "3.2.0"
      },
      "devDependencies": {}
    },
    "packages_imported/skiko-js-wasm-runtime/0.144.6": {
      "name": "skiko-js-wasm-runtime",
      "version": "0.144.6",
      "devDependencies": {}
    },
    "packages_imported/skiko-wasm-js/0.144.6": {
      "name": "skiko-wasm-js",
      "version": "0.144.6",
      "devDependencies": {}
    },
    "packages/KMP01-app-shared": {
      "version": "0.0.0-unspecified",
      "dependencies": {
        "@js-joda/core": "3.2.0"
      },
      "devDependencies": {}
    },
    "packages/KMP01-app-shared-test": {
      "version": "0.0.0-unspecified",
      "dependencies": {
        "@js-joda/core": "3.2.0"
      },
      "devDependencies": {}
    },
    "packages/KMP01-app-webApp": {
      "version": "0.0.0-unspecified",
      "dependencies": {
        "@js-joda/core": "3.2.0"
      },
      "devDependencies": {}
    },
    "packages/KMP01-app-webApp-test": {
      "version": "0.0.0-unspecified",
      "dependencies": {
        "@js-joda/core": "3.2.0"
      },
      "devDependencies": {}
    },
    "packages/KMP01-core": {
      "version": "0.0.0-unspecified",
      "devDependencies": {}
    },
    "packages/KMP01-core-test": {
      "version": "0.0.0-unspecified",
      "devDependencies": {}
    }
  }
}
